// !$*UTF8*$!
{
	archiveVersion = 1;
	classes = {
	};
	objectVersion = 56;
	objects = {

/* Begin PBXBuildFile section */
		3AA72A1328596D30C1B71EEA /* Pods_HumanVerify.framework in Frameworks */ = {isa = PBXBuildFile; fileRef = 187E346E47B060F466E5FCD0 /* Pods_HumanVerify.framework */; };
		C72BF25B2A18B11F008308F1 /* CameraViewModel.swift in Sources */ = {isa = PBXBuildFile; fileRef = C72BF25A2A18B11F008308F1 /* CameraViewModel.swift */; };
		C72BF25D2A18B1EC008308F1 /* CameraCaptureHelper.swift in Sources */ = {isa = PBXBuildFile; fileRef = C72BF25C2A18B1EC008308F1 /* CameraCaptureHelper.swift */; };
		C72BF25F2A18B228008308F1 /* Emotions.swift in Sources */ = {isa = PBXBuildFile; fileRef = C72BF25E2A18B228008308F1 /* Emotions.swift */; };
		C764E00D2A14B70B006854CB /* HumanVerifyApp.swift in Sources */ = {isa = PBXBuildFile; fileRef = C764E00C2A14B70B006854CB /* HumanVerifyApp.swift */; };
		C764E00F2A14B70B006854CB /* ContentView.swift in Sources */ = {isa = PBXBuildFile; fileRef = C764E00E2A14B70B006854CB /* ContentView.swift */; };
		C764E0112A14B70C006854CB /* Assets.xcassets in Resources */ = {isa = PBXBuildFile; fileRef = C764E0102A14B70C006854CB /* Assets.xcassets */; };
		C764E0142A14B70C006854CB /* Preview Assets.xcassets in Resources */ = {isa = PBXBuildFile; fileRef = C764E0132A14B70C006854CB /* Preview Assets.xcassets */; };
/* End PBXBuildFile section */

/* Begin PBXFileReference section */
		187E346E47B060F466E5FCD0 /* Pods_HumanVerify.framework */ = {isa = PBXFileReference; explicitFileType = wrapper.framework; includeInIndex = 0; path = Pods_HumanVerify.framework; sourceTree = BUILT_PRODUCTS_DIR; };
		9F4A809A012B0A06E7C0CD34 /* Pods-HumanVerify.release.xcconfig */ = {isa = PBXFileReference; includeInIndex = 1; lastKnownFileType = text.xcconfig; name = "Pods-HumanVerify.release.xcconfig"; path = "Pods/Target Support Files/Pods-HumanVerify/Pods-HumanVerify.release.xcconfig"; sourceTree = "<group>"; };
		C72BF25A2A18B11F008308F1 /* CameraViewModel.swift */ = {isa = PBXFileReference; lastKnownFileType = sourcecode.swift; path = CameraViewModel.swift; sourceTree = "<group>"; };
		C72BF25C2A18B1EC008308F1 /* CameraCaptureHelper.swift */ = {isa = PBXFileReference; lastKnownFileType = sourcecode.swift; path = CameraCaptureHelper.swift; sourceTree = "<group>"; };
		C72BF25E2A18B228008308F1 /* Emotions.swift */ = {isa = PBXFileReference; lastKnownFileType = sourcecode.swift; path = Emotions.swift; sourceTree = "<group>"; };
		C72BF2642A1CB4D0008308F1 /* Info.plist */ = {isa = PBXFileReference; lastKnownFileType = text.plist; path = Info.plist; sourceTree = "<group>"; };
		C764E0092A14B70B006854CB /* HumanVerify.app */ = {isa = PBXFileReference; explicitFileType = wrapper.application; includeInIndex = 0; path = HumanVerify.app; sourceTree = BUILT_PRODUCTS_DIR; };
		C764E00C2A14B70B006854CB /* HumanVerifyApp.swift */ = {isa = PBXFileReference; lastKnownFileType = sourcecode.swift; path = HumanVerifyApp.swift; sourceTree = "<group>"; };
		C764E00E2A14B70B006854CB /* ContentView.swift */ = {isa = PBXFileReference; lastKnownFileType = sourcecode.swift; path = ContentView.swift; sourceTree = "<group>"; };
		C764E0102A14B70C006854CB /* Assets.xcassets */ = {isa = PBXFileReference; lastKnownFileType = folder.assetcatalog; path = Assets.xcassets; sourceTree = "<group>"; };
		C764E0132A14B70C006854CB /* Preview Assets.xcassets */ = {isa = PBXFileReference; lastKnownFileType = folder.assetcatalog; path = "Preview Assets.xcassets"; sourceTree = "<group>"; };
		EB62A4EBEABA233178369A77 /* Pods-HumanVerify.debug.xcconfig */ = {isa = PBXFileReference; includeInIndex = 1; lastKnownFileType = text.xcconfig; name = "Pods-HumanVerify.debug.xcconfig"; path = "Pods/Target Support Files/Pods-HumanVerify/Pods-HumanVerify.debug.xcconfig"; sourceTree = "<group>"; };
/* End PBXFileReference section */

/* Begin PBXFrameworksBuildPhase section */
		C764E0062A14B70B006854CB /* Frameworks */ = {
			isa = PBXFrameworksBuildPhase;
			buildActionMask = 2147483647;
			files = (
				3AA72A1328596D30C1B71EEA /* Pods_HumanVerify.framework in Frameworks */,
			);
			runOnlyForDeploymentPostprocessing = 0;
		};
/* End PBXFrameworksBuildPhase section */

/* Begin PBXGroup section */
		7ADCA58F23A47219E254B82D /* Pods */ = {
			isa = PBXGroup;
			children = (
				EB62A4EBEABA233178369A77 /* Pods-HumanVerify.debug.xcconfig */,
				9F4A809A012B0A06E7C0CD34 /* Pods-HumanVerify.release.xcconfig */,
			);
			name = Pods;
			sourceTree = "<group>";
		};
		C72BF2602A18B82B008308F1 /* Models */ = {
			isa = PBXGroup;
			children = (
				C72BF25E2A18B228008308F1 /* Emotions.swift */,
			);
			path = Models;
			sourceTree = "<group>";
		};
		C72BF2612A18B89A008308F1 /* ViewModels */ = {
			isa = PBXGroup;
			children = (
				C72BF25A2A18B11F008308F1 /* CameraViewModel.swift */,
				C764E00E2A14B70B006854CB /* ContentView.swift */,
			);
			path = ViewModels;
			sourceTree = "<group>";
		};
		C72BF2622A18B969008308F1 /* App */ = {
			isa = PBXGroup;
			children = (
				C764E00C2A14B70B006854CB /* HumanVerifyApp.swift */,
			);
			path = App;
			sourceTree = "<group>";
		};
		C72BF2632A18B985008308F1 /* Helpers */ = {
			isa = PBXGroup;
			children = (
				C72BF25C2A18B1EC008308F1 /* CameraCaptureHelper.swift */,
			);
			path = Helpers;
			sourceTree = "<group>";
		};
		C764E0002A14B70B006854CB = {
			isa = PBXGroup;
			children = (
				C764E00B2A14B70B006854CB /* HumanVerify */,
				C764E00A2A14B70B006854CB /* Products */,
				7ADCA58F23A47219E254B82D /* Pods */,
				DD11720DADFCF36AC8448227 /* Frameworks */,
			);
			sourceTree = "<group>";
		};
		C764E00A2A14B70B006854CB /* Products */ = {
			isa = PBXGroup;
			children = (
				C764E0092A14B70B006854CB /* HumanVerify.app */,
			);
			name = Products;
			sourceTree = "<group>";
		};
		C764E00B2A14B70B006854CB /* HumanVerify */ = {
			isa = PBXGroup;
			children = (
				C72BF2642A1CB4D0008308F1 /* Info.plist */,
				C72BF2622A18B969008308F1 /* App */,
				C72BF2632A18B985008308F1 /* Helpers */,
				C72BF2602A18B82B008308F1 /* Models */,
				C72BF2612A18B89A008308F1 /* ViewModels */,
				C764E0122A14B70C006854CB /* Preview Content */,
				C764E0102A14B70C006854CB /* Assets.xcassets */,
			);
			path = HumanVerify;
			sourceTree = "<group>";
		};
		C764E0122A14B70C006854CB /* Preview Content */ = {
			isa = PBXGroup;
			children = (
				C764E0132A14B70C006854CB /* Preview Assets.xcassets */,
			);
			path = "Preview Content";
			sourceTree = "<group>";
		};
		DD11720DADFCF36AC8448227 /* Frameworks */ = {
			isa = PBXGroup;
			children = (
				187E346E47B060F466E5FCD0 /* Pods_HumanVerify.framework */,
			);
			name = Frameworks;
			sourceTree = "<group>";
		};
/* End PBXGroup section */

/* Begin PBXNativeTarget section */
		C764E0082A14B70B006854CB /* HumanVerify */ = {
			isa = PBXNativeTarget;
			buildConfigurationList = C764E0172A14B70C006854CB /* Build configuration list for PBXNativeTarget "HumanVerify" */;
			buildPhases = (
				B88C85BEDCE219E914AFF1CC /* [CP] Check Pods Manifest.lock */,
				C764E0052A14B70B006854CB /* Sources */,
				C764E0062A14B70B006854CB /* Frameworks */,
				C764E0072A14B70B006854CB /* Resources */,
				E3C2B4157E753387E4047147 /* [CP] Embed Pods Frameworks */,
				4F9CDCDEB87791B9A537991C /* [CP] Copy Pods Resources */,
			);
			buildRules = (
			);
			dependencies = (
			);
			name = HumanVerify;
			productName = HumanVerify;
			productReference = C764E0092A14B70B006854CB /* HumanVerify.app */;
			productType = "com.apple.product-type.application";
		};
/* End PBXNativeTarget section */

/* Begin PBXProject section */
		C764E0012A14B70B006854CB /* Project object */ = {
			isa = PBXProject;
			attributes = {
				BuildIndependentTargetsInParallel = 1;
				LastSwiftUpdateCheck = 1430;
				LastUpgradeCheck = 1430;
				TargetAttributes = {
					C764E0082A14B70B006854CB = {
						CreatedOnToolsVersion = 14.3;
					};
				};
			};
			buildConfigurationList = C764E0042A14B70B006854CB /* Build configuration list for PBXProject "HumanVerify" */;
			compatibilityVersion = "Xcode 14.0";
			developmentRegion = en;
			hasScannedForEncodings = 0;
			knownRegions = (
				en,
				Base,
			);
			mainGroup = C764E0002A14B70B006854CB;
			productRefGroup = C764E00A2A14B70B006854CB /* Products */;
			projectDirPath = "";
			projectRoot = "";
			targets = (
				C764E0082A14B70B006854CB /* HumanVerify */,
			);
		};
/* End PBXProject section */

/* Begin PBXResourcesBuildPhase section */
		C764E0072A14B70B006854CB /* Resources */ = {
			isa = PBXResourcesBuildPhase;
			buildActionMask = 2147483647;
			files = (
				C764E0142A14B70C006854CB /* Preview Assets.xcassets in Resources */,
				C764E0112A14B70C006854CB /* Assets.xcassets in Resources */,
			);
			runOnlyForDeploymentPostprocessing = 0;
		};
/* End PBXResourcesBuildPhase section */

/* Begin PBXShellScriptBuildPhase section */
		4F9CDCDEB87791B9A537991C /* [CP] Copy Pods Resources */ = {
			isa = PBXShellScriptBuildPhase;
			buildActionMask = 2147483647;
			files = (
			);
			inputFileListPaths = (
			);
			inputPaths = (
			);
			name = "[CP] Copy Pods Resources";
			outputFileListPaths = (
			);
			outputPaths = (
			);
			runOnlyForDeploymentPostprocessing = 0;
			shellPath = /bin/sh;
			shellScript = "\"${SRCROOT}/Pods/Target Support Files/Pods-HumanVerify/Pods-HumanVerify-resources.sh\"\n";
			showEnvVarsInLog = 0;
		};
		B88C85BEDCE219E914AFF1CC /* [CP] Check Pods Manifest.lock */ = {
			isa = PBXShellScriptBuildPhase;
			buildActionMask = 2147483647;
			files = (
			);
			inputFileListPaths = (
			);
			inputPaths = (
			);
			name = "[CP] Check Pods Manifest.lock";
			outputFileListPaths = (
			);
			outputPaths = (
			);
			runOnlyForDeploymentPostprocessing = 0;
			shellPath = /bin/sh;
			shellScript = "diff \"${PODS_ROOT}/../Podfile.lock\" \"${PODS_ROOT}/Manifest.lock\" > /dev/null\nif [ $? != 0 ] ; then\n    # print error to STDERR\n    echo \"error: The sandbox is not in sync with the Podfile.lock. Run 'pod install' or update your CocoaPods installation.\" >&2\n    exit 1\nfi\n";
			showEnvVarsInLog = 0;
		};
		E3C2B4157E753387E4047147 /* [CP] Embed Pods Frameworks */ = {
			isa = PBXShellScriptBuildPhase;
			buildActionMask = 2147483647;
			files = (
			);
			inputFileListPaths = (
			);
			inputPaths = (
			);
			name = "[CP] Embed Pods Frameworks";
			outputFileListPaths = (
			);
			outputPaths = (
			);
			runOnlyForDeploymentPostprocessing = 0;
			shellPath = /bin/sh;
			shellScript = "\"${SRCROOT}/Pods/Target Support Files/Pods-HumanVerify/Pods-HumanVerify-frameworks.sh\"\n";
			showEnvVarsInLog = 0;
		};
/* End PBXShellScriptBuildPhase section */

/* Begin PBXSourcesBuildPhase section */
		C764E0052A14B70B006854CB /* Sources */ = {
			isa = PBXSourcesBuildPhase;
			buildActionMask = 2147483647;
			files = (
				C764E00F2A14B70B006854CB /* ContentView.swift in Sources */,
				C72BF25D2A18B1EC008308F1 /* CameraCaptureHelper.swift in Sources */,
				C764E00D2A14B70B006854CB /* HumanVerifyApp.swift in Sources */,
				C72BF25F2A18B228008308F1 /* Emotions.swift in Sources */,
				C72BF25B2A18B11F008308F1 /* CameraViewModel.swift in Sources */,
			);
			runOnlyForDeploymentPostprocessing = 0;
		};
/* End PBXSourcesBuildPhase section */

/* Begin XCBuildConfiguration section */
		C764E0152A14B70C006854CB /* Debug */ = {
			isa = XCBuildConfiguration;
			buildSettings = {
				ALWAYS_SEARCH_USER_PATHS = NO;
				CLANG_ANALYZER_NONNULL = YES;
				CLANG_ANALYZER_NUMBER_OBJECT_CONVERSION = YES_AGGRESSIVE;
				CLANG_CXX_LANGUAGE_STANDARD = "gnu++20";
				CLANG_ENABLE_MODULES = YES;
				CLANG_ENABLE_OBJC_ARC = YES;
				CLANG_ENABLE_OBJC_WEAK = YES;
				CLANG_WARN_BLOCK_CAPTURE_AUTORELEASING = YES;
				CLANG_WARN_BOOL_CONVERSION = YES;
				CLANG_WARN_COMMA = YES;
				CLANG_WARN_CONSTANT_CONVERSION = YES;
				CLANG_WARN_DEPRECATED_OBJC_IMPLEMENTATIONS = YES;
				CLANG_WARN_DIRECT_OBJC_ISA_USAGE = YES_ERROR;
				CLANG_WARN_DOCUMENTATION_COMMENTS = YES;
				CLANG_WARN_EMPTY_BODY = YES;
				CLANG_WARN_ENUM_CONVERSION = YES;
				CLANG_WARN_INFINITE_RECURSION = YES;
				CLANG_WARN_INT_CONVERSION = YES;
				CLANG_WARN_NON_LITERAL_NULL_CONVERSION = YES;
				CLANG_WARN_OBJC_IMPLICIT_RETAIN_SELF = YES;
				CLANG_WARN_OBJC_LITERAL_CONVERSION = YES;
				CLANG_WARN_OBJC_ROOT_CLASS = YES_ERROR;
				CLANG_WARN_QUOTED_INCLUDE_IN_FRAMEWORK_HEADER = YES;
				CLANG_WARN_RANGE_LOOP_ANALYSIS = YES;
				CLANG_WARN_STRICT_PROTOTYPES = YES;
				CLANG_WARN_SUSPICIOUS_MOVE = YES;
				CLANG_WARN_UNGUARDED_AVAILABILITY = YES_AGGRESSIVE;
				CLANG_WARN_UNREACHABLE_CODE = YES;
				CLANG_WARN__DUPLICATE_METHOD_MATCH = YES;
				COPY_PHASE_STRIP = NO;
				DEBUG_INFORMATION_FORMAT = dwarf;
				ENABLE_STRICT_OBJC_MSGSEND = YES;
				ENABLE_TESTABILITY = YES;
				GCC_C_LANGUAGE_STANDARD = gnu11;
				GCC_DYNAMIC_NO_PIC = NO;
				GCC_NO_COMMON_BLOCKS = YES;
				GCC_OPTIMIZATION_LEVEL = 0;
				GCC_PREPROCESSOR_DEFINITIONS = (
					"DEBUG=1",
					"$(inherited)",
				);
				GCC_WARN_64_TO_32_BIT_CONVERSION = YES;
				GCC_WARN_ABOUT_RETURN_TYPE = YES_ERROR;
				GCC_WARN_UNDECLARED_SELECTOR = YES;
				GCC_WARN_UNINITIALIZED_AUTOS = YES_AGGRESSIVE;
				GCC_WARN_UNUSED_FUNCTION = YES;
				GCC_WARN_UNUSED_VARIABLE = YES;
				IPHONEOS_DEPLOYMENT_TARGET = 16.4;
				MTL_ENABLE_DEBUG_INFO = INCLUDE_SOURCE;
				MTL_FAST_MATH = YES;
				ONLY_ACTIVE_ARCH = YES;
				SDKROOT = iphoneos;
				SWIFT_ACTIVE_COMPILATION_CONDITIONS = DEBUG;
				SWIFT_OPTIMIZATION_LEVEL = "-Onone";
			};
			name = Debug;
		};
		C764E0162A14B70C006854CB /* Release */ = {
			isa = XCBuildConfiguration;
			buildSettings = {
				ALWAYS_SEARCH_USER_PATHS = NO;
				CLANG_ANALYZER_NONNULL = YES;
				CLANG_ANALYZER_NUMBER_OBJECT_CONVERSION = YES_AGGRESSIVE;
				CLANG_CXX_LANGUAGE_STANDARD = "gnu++20";
				CLANG_ENABLE_MODULES = YES;
				CLANG_ENABLE_OBJC_ARC = YES;
				CLANG_ENABLE_OBJC_WEAK = YES;
				CLANG_WARN_BLOCK_CAPTURE_AUTORELEASING = YES;
				CLANG_WARN_BOOL_CONVERSION = YES;
				CLANG_WARN_COMMA = YES;
				CLANG_WARN_CONSTANT_CONVERSION = YES;
				CLANG_WARN_DEPRECATED_OBJC_IMPLEMENTATIONS = YES;
				CLANG_WARN_DIRECT_OBJC_ISA_USAGE = YES_ERROR;
				CLANG_WARN_DOCUMENTATION_COMMENTS = YES;
				CLANG_WARN_EMPTY_BODY = YES;
				CLANG_WARN_ENUM_CONVERSION = YES;
				CLANG_WARN_INFINITE_RECURSION = YES;
				CLANG_WARN_INT_CONVERSION = YES;
				CLANG_WARN_NON_LITERAL_NULL_CONVERSION = YES;
				CLANG_WARN_OBJC_IMPLICIT_RETAIN_SELF = YES;
				CLANG_WARN_OBJC_LITERAL_CONVERSION = YES;
				CLANG_WARN_OBJC_ROOT_CLASS = YES_ERROR;
				CLANG_WARN_QUOTED_INCLUDE_IN_FRAMEWORK_HEADER = YES;
				CLANG_WARN_RANGE_LOOP_ANALYSIS = YES;
				CLANG_WARN_STRICT_PROTOTYPES = YES;
				CLANG_WARN_SUSPICIOUS_MOVE = YES;
				CLANG_WARN_UNGUARDED_AVAILABILITY = YES_AGGRESSIVE;
				CLANG_WARN_UNREACHABLE_CODE = YES;
				CLANG_WARN__DUPLICATE_METHOD_MATCH = YES;
				COPY_PHASE_STRIP = NO;
				DEBUG_INFORMATION_FORMAT = "dwarf-with-dsym";
				ENABLE_NS_ASSERTIONS = NO;
				ENABLE_STRICT_OBJC_MSGSEND = YES;
				GCC_C_LANGUAGE_STANDARD = gnu11;
				GCC_NO_COMMON_BLOCKS = YES;
				GCC_WARN_64_TO_32_BIT_CONVERSION = YES;
				GCC_WARN_ABOUT_RETURN_TYPE = YES_ERROR;
				GCC_WARN_UNDECLARED_SELECTOR = YES;
				GCC_WARN_UNINITIALIZED_AUTOS = YES_AGGRESSIVE;
				GCC_WARN_UNUSED_FUNCTION = YES;
				GCC_WARN_UNUSED_VARIABLE = YES;
				IPHONEOS_DEPLOYMENT_TARGET = 16.4;
				MTL_ENABLE_DEBUG_INFO = NO;
				MTL_FAST_MATH = YES;
				SDKROOT = iphoneos;
				SWIFT_COMPILATION_MODE = wholemodule;
				SWIFT_OPTIMIZATION_LEVEL = "-O";
				VALIDATE_PRODUCT = YES;
			};
			name = Release;
		};
		C764E0182A14B70C006854CB /* Debug */ = {
			isa = XCBuildConfiguration;
			baseConfigurationReference = EB62A4EBEABA233178369A77 /* Pods-HumanVerify.debug.xcconfig */;
			buildSettings = {
				ASSETCATALOG_COMPILER_APPICON_NAME = AppIcon;
				ASSETCATALOG_COMPILER_GLOBAL_ACCENT_COLOR_NAME = AccentColor;
				CODE_SIGN_STYLE = Automatic;
				CURRENT_PROJECT_VERSION = 1;
				DEVELOPMENT_ASSET_PATHS = "\"HumanVerify/Preview Content\"";
				DEVELOPMENT_TEAM = L9XDAPP9VH;
				ENABLE_PREVIEWS = YES;
				GENERATE_INFOPLIST_FILE = YES;
				INFOPLIST_FILE = HumanVerify/Info.plist;
				INFOPLIST_KEY_NSCameraUsageDescription = "Для розпізнавання обличчя";
				INFOPLIST_KEY_UIApplicationSceneManifest_Generation = YES;
				INFOPLIST_KEY_UIApplicationSupportsIndirectInputEvents = YES;
				INFOPLIST_KEY_UILaunchScreen_Generation = YES;
				INFOPLIST_KEY_UISupportedInterfaceOrientations_iPad = "UIInterfaceOrientationPortrait UIInterfaceOrientationPortraitUpsideDown UIInterfaceOrientationLandscapeLeft UIInterfaceOrientationLandscapeRight";
				INFOPLIST_KEY_UISupportedInterfaceOrientations_iPhone = "UIInterfaceOrientationPortrait UIInterfaceOrientationLandscapeLeft UIInterfaceOrientationLandscapeRight";
				LD_RUNPATH_SEARCH_PATHS = (
					"$(inherited)",
					"@executable_path/Frameworks",
				);
				MARKETING_VERSION = 1.0;
				PRODUCT_BUNDLE_IDENTIFIER = com.maksymstefankiv.HumanVerify;
				PRODUCT_NAME = "$(TARGET_NAME)";
				SWIFT_EMIT_LOC_STRINGS = YES;
				SWIFT_VERSION = 5.0;
				TARGETED_DEVICE_FAMILY = "1,2";
			};
			name = Debug;
		};
		C764E0192A14B70C006854CB /* Release */ = {
			isa = XCBuildConfiguration;
			baseConfigurationReference = 9F4A809A012B0A06E7C0CD34 /* Pods-HumanVerify.release.xcconfig */;
			buildSettings = {
				ASSETCATALOG_COMPILER_APPICON_NAME = AppIcon;
				ASSETCATALOG_COMPILER_GLOBAL_ACCENT_COLOR_NAME = AccentColor;
				CODE_SIGN_STYLE = Automatic;
				CURRENT_PROJECT_VERSION = 1;
				DEVELOPMENT_ASSET_PATHS = "\"HumanVerify/Preview Content\"";
				DEVELOPMENT_TEAM = L9XDAPP9VH;
				ENABLE_PREVIEWS = YES;
				GENERATE_INFOPLIST_FILE = YES;
				INFOPLIST_FILE = HumanVerify/Info.plist;
				INFOPLIST_KEY_NSCameraUsageDescription = "Для розпізнавання обличчя";
				INFOPLIST_KEY_UIApplicationSceneManifest_Generation = YES;
				INFOPLIST_KEY_UIApplicationSupportsIndirectInputEvents = YES;
				INFOPLIST_KEY_UILaunchScreen_Generation = YES;
				INFOPLIST_KEY_UISupportedInterfaceOrientations_iPad = "UIInterfaceOrientationPortrait UIInterfaceOrientationPortraitUpsideDown UIInterfaceOrientationLandscapeLeft UIInterfaceOrientationLandscapeRight";
				INFOPLIST_KEY_UISupportedInterfaceOrientations_iPhone = "UIInterfaceOrientationPortrait UIInterfaceOrientationLandscapeLeft UIInterfaceOrientationLandscapeRight";
				LD_RUNPATH_SEARCH_PATHS = (
					"$(inherited)",
					"@executable_path/Frameworks",
				);
				MARKETING_VERSION = 1.0;
				PRODUCT_BUNDLE_IDENTIFIER = com.maksymstefankiv.HumanVerify;
				PRODUCT_NAME = "$(TARGET_NAME)";
				SWIFT_EMIT_LOC_STRINGS = YES;
				SWIFT_VERSION = 5.0;
				TARGETED_DEVICE_FAMILY = "1,2";
			};
			name = Release;
		};
/* End XCBuildConfiguration section */

/* Begin XCConfigurationList section */
		C764E0042A14B70B006854CB /* Build configuration list for PBXProject "HumanVerify" */ = {
			isa = XCConfigurationList;
			buildConfigurations = (
				C764E0152A14B70C006854CB /* Debug */,
				C764E0162A14B70C006854CB /* Release */,
			);
			defaultConfigurationIsVisible = 0;
			defaultConfigurationName = Release;
		};
		C764E0172A14B70C006854CB /* Build configuration list for PBXNativeTarget "HumanVerify" */ = {
			isa = XCConfigurationList;
			buildConfigurations = (
				C764E0182A14B70C006854CB /* Debug */,
				C764E0192A14B70C006854CB /* Release */,
			);
			defaultConfigurationIsVisible = 0;
			defaultConfigurationName = Release;
		};
/* End XCConfigurationList section */
	};
	rootObject = C764E0012A14B70B006854CB /* Project object */;
}
